{
  "name": "react-chart.js-example",
  "version": "0.0.0",
  "lockfileVersion": 2,
  "requires": true,
  "packages": {
    "": {
      "name": "react-chart.js-example",
      "version": "0.0.0",
      "dependencies": {
        "react": "file:../node_modules/react",
        "react-chartjs-2": "file:../dist",
        "react-dom": "file:../node_modules/react-dom",
        "react-router-dom": "^5.1.2",
        "react-scripts": "file:../node_modules/react-scripts"
      }
    },
    "../dist": {},
    "../node_modules/react": {
      "version": "17.0.1",
      "license": "MIT",
      "dependencies": {
        "loose-envify": "^1.1.0",
        "object-assign": "^4.1.1"
      },
      "engines": {
        "node": ">=0.10.0"
      }
    },
    "../node_modules/react-dom": {
      "version": "17.0.1",
      "license": "MIT",
      "dependencies": {
        "loose-envify": "^1.1.0",
        "object-assign": "^4.1.1",
        "scheduler": "^0.20.1"
      },
      "peerDependencies": {
        "react": "17.0.1"
      }
    },
    "../node_modules/react-dom/node_modules/scheduler": {
      "version": "0.20.1",
      "license": "MIT",
      "dependencies": {
        "loose-envify": "^1.1.0",
        "object-assign": "^4.1.1"
      }
    },
    "../node_modules/react-scripts": {
      "version": "3.4.3",
      "license": "MIT",
      "dependencies": {
        "@babel/core": "7.9.0",
        "@svgr/webpack": "4.3.3",
        "@typescript-eslint/eslint-plugin": "^2.10.0",
        "@typescript-eslint/parser": "^2.10.0",
        "babel-eslint": "10.1.0",
        "babel-jest": "^24.9.0",
        "babel-loader": "8.1.0",
        "babel-plugin-named-asset-import": "^0.3.6",
        "babel-preset-react-app": "^9.1.2",
        "camelcase": "^5.3.1",
        "case-sensitive-paths-webpack-plugin": "2.3.0",
        "css-loader": "3.4.2",
        "dotenv": "8.2.0",
        "dotenv-expand": "5.1.0",
        "eslint": "^6.6.0",
        "eslint-config-react-app": "^5.2.1",
        "eslint-loader": "3.0.3",
        "eslint-plugin-flowtype": "4.6.0",
        "eslint-plugin-import": "2.20.1",
        "eslint-plugin-jsx-a11y": "6.2.3",
        "eslint-plugin-react": "7.19.0",
        "eslint-plugin-react-hooks": "^1.6.1",
        "file-loader": "4.3.0",
        "fs-extra": "^8.1.0",
        "html-webpack-plugin": "4.0.0-beta.11",
        "identity-obj-proxy": "3.0.0",
        "jest": "24.9.0",
        "jest-environment-jsdom-fourteen": "1.0.1",
        "jest-resolve": "24.9.0",
        "jest-watch-typeahead": "0.4.2",
        "mini-css-extract-plugin": "0.9.0",
        "optimize-css-assets-webpack-plugin": "5.0.3",
        "pnp-webpack-plugin": "1.6.4",
        "postcss-flexbugs-fixes": "4.1.0",
        "postcss-loader": "3.0.0",
        "postcss-normalize": "8.0.1",
        "postcss-preset-env": "6.7.0",
        "postcss-safe-parser": "4.0.1",
        "react-app-polyfill": "^1.0.6",
        "react-dev-utils": "^10.2.1",
        "resolve": "1.15.0",
        "resolve-url-loader": "3.1.1",
        "sass-loader": "8.0.2",
        "semver": "6.3.0",
        "style-loader": "0.23.1",
        "terser-webpack-plugin": "2.3.8",
        "ts-pnp": "1.1.6",
        "url-loader": "2.3.0",
        "webpack": "4.42.0",
        "webpack-dev-server": "3.11.0",
        "webpack-manifest-plugin": "2.2.0",
        "workbox-webpack-plugin": "4.3.1"
      },
      "bin": {
        "react-scripts": "bin/react-scripts.js"
      },
      "devDependencies": {
        "react": "^16.12.0",
        "react-dom": "^16.12.0"
      },
      "engines": {
        "node": ">=8.10"
      },
      "optionalDependencies": {
        "fsevents": "2.1.2"
      },
      "peerDependencies": {
        "typescript": "^3.2.1"
      },
      "peerDependenciesMeta": {
        "typescript": {
          "optional": true
        }
      }
    },
    "../node_modules/react-scripts/node_modules/@babel/core": {
      "version": "7.9.0",
      "license": "MIT",
      "dependencies": {
        "@babel/code-frame": "^7.8.3",
        "@babel/generator": "^7.9.0",
        "@babel/helper-module-transforms": "^7.9.0",
        "@babel/helpers": "^7.9.0",
        "@babel/parser": "^7.9.0",
        "@babel/template": "^7.8.6",
        "@babel/traverse": "^7.9.0",
        "@babel/types": "^7.9.0",
        "convert-source-map": "^1.7.0",
        "debug": "^4.1.0",
        "gensync": "^1.0.0-beta.1",
        "json5": "^2.1.2",
        "lodash": "^4.17.13",
        "resolve": "^1.3.2",
        "semver": "^5.4.1",
        "source-map": "^0.5.0"
      },
      "engines": {
        "node": ">=6.9.0"
      },
      "funding": {
        "type": "opencollective",
        "url": "https://opencollective.com/babel"
      }
    },
    "../node_modules/react-scripts/node_modules/@babel/core/node_modules/semver": {
      "version": "5.7.1",
      "license": "ISC",
      "bin": {
        "semver": "bin/semver"
      }
    },
    "../node_modules/react-scripts/node_modules/doctrine": {
      "version": "1.5.0",
      "dependencies": {
        "esutils": "^2.0.2",
        "isarray": "^1.0.0"
      },
      "engines": {
        "node": ">=0.10.0"
      }
    },
    "../node_modules/react-scripts/node_modules/eslint-plugin-import": {
      "version": "2.20.1",
      "license": "MIT",
      "dependencies": {
        "array-includes": "^3.0.3",
        "array.prototype.flat": "^1.2.1",
        "contains-path": "^0.1.0",
        "debug": "^2.6.9",
        "doctrine": "1.5.0",
        "eslint-import-resolver-node": "^0.3.2",
        "eslint-module-utils": "^2.4.1",
        "has": "^1.0.3",
        "minimatch": "^3.0.4",
        "object.values": "^1.1.0",
        "read-pkg-up": "^2.0.0",
        "resolve": "^1.12.0"
      },
      "engines": {
        "node": ">=4"
      },
      "peerDependencies": {
        "eslint": "2.x - 6.x"
      }
    },
    "../node_modules/react-scripts/node_modules/eslint-plugin-import/node_modules/debug": {
      "version": "2.6.9",
      "license": "MIT",
      "dependencies": {
        "ms": "2.0.0"
      }
    },
    "../node_modules/react-scripts/node_modules/eslint-plugin-react": {
      "version": "7.19.0",
      "license": "MIT",
      "dependencies": {
        "array-includes": "^3.1.1",
        "doctrine": "^2.1.0",
        "has": "^1.0.3",
        "jsx-ast-utils": "^2.2.3",
        "object.entries": "^1.1.1",
        "object.fromentries": "^2.0.2",
        "object.values": "^1.1.1",
        "prop-types": "^15.7.2",
        "resolve": "^1.15.1",
        "semver": "^6.3.0",
        "string.prototype.matchall": "^4.0.2",
        "xregexp": "^4.3.0"
      },
      "engines": {
        "node": ">=4"
      },
      "peerDependencies": {
        "eslint": "^3.0.0 || ^4.0.0 || ^5.0.0 || ^6.0.0"
      }
    },
    "../node_modules/react-scripts/node_modules/eslint-plugin-react/node_modules/doctrine": {
      "version": "2.1.0",
      "license": "Apache-2.0",
      "dependencies": {
        "esutils": "^2.0.2"
      },
      "engines": {
        "node": ">=0.10.0"
      }
    },
    "../node_modules/react-scripts/node_modules/eslint-plugin-react/node_modules/resolve": {
      "version": "1.17.0",
      "license": "MIT",
      "dependencies": {
        "path-parse": "^1.0.6"
      },
      "funding": {
        "url": "https://github.com/sponsors/ljharb"
      }
    },
    "../node_modules/react-scripts/node_modules/json5": {
      "version": "2.1.3",
      "license": "MIT",
      "dependencies": {
        "minimist": "^1.2.5"
      },
      "bin": {
        "json5": "lib/cli.js"
      },
      "engines": {
        "node": ">=6"
      }
    },
    "../node_modules/react-scripts/node_modules/ms": {
      "version": "2.0.0",
      "license": "MIT"
    },
    "../node_modules/react-scripts/node_modules/resolve": {
      "version": "1.15.0",
      "license": "MIT",
      "dependencies": {
        "path-parse": "^1.0.6"
      },
      "funding": {
        "url": "https://github.com/sponsors/ljharb"
      }
    },
    "../node_modules/react-scripts/node_modules/semver": {
      "version": "6.3.0",
      "license": "ISC",
      "bin": {
        "semver": "bin/semver.js"
      }
    },
    "../node_modules/react-scripts/node_modules/source-map": {
      "version": "0.5.7",
      "license": "BSD-3-Clause",
      "engines": {
        "node": ">=0.10.0"
      }
    },
    "node_modules/@babel/runtime": {
      "version": "7.11.2",
      "license": "MIT",
      "dependencies": {
        "regenerator-runtime": "^0.13.4"
      }
    },
    "node_modules/history": {
      "version": "4.10.1",
      "license": "MIT",
      "dependencies": {
        "@babel/runtime": "^7.1.2",
        "loose-envify": "^1.2.0",
        "resolve-pathname": "^3.0.0",
        "tiny-invariant": "^1.0.2",
        "tiny-warning": "^1.0.0",
        "value-equal": "^1.0.1"
      }
    },
    "node_modules/hoist-non-react-statics": {
      "version": "3.3.2",
      "license": "BSD-3-Clause",
      "dependencies": {
        "react-is": "^16.7.0"
      }
    },
    "node_modules/isarray": {
      "version": "0.0.1",
      "license": "MIT"
    },
    "node_modules/js-tokens": {
      "version": "4.0.0",
      "license": "MIT"
    },
    "node_modules/loose-envify": {
      "version": "1.4.0",
      "license": "MIT",
      "dependencies": {
        "js-tokens": "^3.0.0 || ^4.0.0"
      },
      "bin": {
        "loose-envify": "cli.js"
      }
    },
    "node_modules/mini-create-react-context": {
      "version": "0.4.0",
      "license": "MIT",
      "dependencies": {
        "@babel/runtime": "^7.5.5",
        "tiny-warning": "^1.0.3"
      },
      "peerDependencies": {
        "prop-types": "^15.0.0",
        "react": "^0.14.0 || ^15.0.0 || ^16.0.0"
      }
    },
    "node_modules/object-assign": {
      "version": "4.1.1",
      "license": "MIT",
      "engines": {
        "node": ">=0.10.0"
      }
    },
    "node_modules/path-to-regexp": {
      "version": "1.8.0",
      "license": "MIT",
      "dependencies": {
        "isarray": "0.0.1"
      }
    },
    "node_modules/prop-types": {
      "version": "15.7.2",
      "license": "MIT",
      "dependencies": {
        "loose-envify": "^1.4.0",
        "object-assign": "^4.1.1",
        "react-is": "^16.8.1"
      }
    },
    "node_modules/react": {
      "resolved": "../node_modules/react",
      "link": true
    },
    "node_modules/react-chartjs-2": {
      "resolved": "../dist",
      "link": true
    },
    "node_modules/react-dom": {
      "resolved": "../node_modules/react-dom",
      "link": true
    },
    "node_modules/react-is": {
      "version": "16.13.1",
      "license": "MIT"
    },
    "node_modules/react-router": {
      "version": "5.2.0",
      "license": "MIT",
      "dependencies": {
        "@babel/runtime": "^7.1.2",
        "history": "^4.9.0",
        "hoist-non-react-statics": "^3.1.0",
        "loose-envify": "^1.3.1",
        "mini-create-react-context": "^0.4.0",
        "path-to-regexp": "^1.7.0",
        "prop-types": "^15.6.2",
        "react-is": "^16.6.0",
        "tiny-invariant": "^1.0.2",
        "tiny-warning": "^1.0.0"
      },
      "peerDependencies": {
        "react": ">=15"
      }
    },
    "node_modules/react-router-dom": {
      "version": "5.2.0",
      "license": "MIT",
      "dependencies": {
        "@babel/runtime": "^7.1.2",
        "history": "^4.9.0",
        "loose-envify": "^1.3.1",
        "prop-types": "^15.6.2",
        "react-router": "5.2.0",
        "tiny-invariant": "^1.0.2",
        "tiny-warning": "^1.0.0"
      },
      "peerDependencies": {
        "react": ">=15"
      }
    },
    "node_modules/react-scripts": {
      "resolved": "../node_modules/react-scripts",
      "link": true
    },
    "node_modules/regenerator-runtime": {
      "version": "0.13.7",
      "license": "MIT"
    },
    "node_modules/resolve-pathname": {
      "version": "3.0.0",
      "license": "MIT"
    },
    "node_modules/tiny-invariant": {
      "version": "1.1.0",
      "license": "MIT"
    },
    "node_modules/tiny-warning": {
      "version": "1.0.3",
      "license": "MIT"
    },
    "node_modules/value-equal": {
      "version": "1.0.1",
      "license": "MIT"
    }
  },
  "dependencies": {
    "@babel/runtime": {
      "version": "7.11.2",
      "requires": {
        "regenerator-runtime": "^0.13.4"
      }
    },
    "history": {
      "version": "4.10.1",
      "requires": {
        "@babel/runtime": "^7.1.2",
        "loose-envify": "^1.2.0",
        "resolve-pathname": "^3.0.0",
        "tiny-invariant": "^1.0.2",
        "tiny-warning": "^1.0.0",
        "value-equal": "^1.0.1"
      }
    },
    "hoist-non-react-statics": {
      "version": "3.3.2",
      "requires": {
        "react-is": "^16.7.0"
      }
    },
    "isarray": {
      "version": "0.0.1"
    },
    "js-tokens": {
      "version": "4.0.0"
    },
    "loose-envify": {
      "version": "1.4.0",
      "requires": {
        "js-tokens": "^3.0.0 || ^4.0.0"
      }
    },
    "mini-create-react-context": {
      "version": "0.4.0",
      "requires": {
        "@babel/runtime": "^7.5.5",
        "tiny-warning": "^1.0.3"
      }
    },
    "object-assign": {
      "version": "4.1.1"
    },
    "path-to-regexp": {
      "version": "1.8.0",
      "requires": {
        "isarray": "0.0.1"
      }
    },
    "prop-types": {
      "version": "15.7.2",
      "requires": {
        "loose-envify": "^1.4.0",
        "object-assign": "^4.1.1",
        "react-is": "^16.8.1"
      }
    },
    "react": {
      "version": "file:../node_modules/react",
      "requires": {
        "loose-envify": "^1.1.0",
        "object-assign": "^4.1.1"
      }
    },
    "react-chartjs-2": {
      "version": "file:../dist"
    },
    "react-dom": {
      "version": "file:../node_modules/react-dom",
      "requires": {
        "loose-envify": "^1.1.0",
        "object-assign": "^4.1.1",
        "scheduler": "^0.20.1"
      },
      "dependencies": {
        "scheduler": {
          "version": "0.20.1",
          "requires": {
            "loose-envify": "^1.1.0",
            "object-assign": "^4.1.1"
          }
        }
      }
    },
    "react-is": {
      "version": "16.13.1"
    },
    "react-router": {
      "version": "5.2.0",
      "requires": {
        "@babel/runtime": "^7.1.2",
        "history": "^4.9.0",
        "hoist-non-react-statics": "^3.1.0",
        "loose-envify": "^1.3.1",
        "mini-create-react-context": "^0.4.0",
        "path-to-regexp": "^1.7.0",
        "prop-types": "^15.6.2",
        "react-is": "^16.6.0",
        "tiny-invariant": "^1.0.2",
        "tiny-warning": "^1.0.0"
      }
    },
    "react-router-dom": {
      "version": "5.2.0",
      "requires": {
        "@babel/runtime": "^7.1.2",
        "history": "^4.9.0",
        "loose-envify": "^1.3.1",
        "prop-types": "^15.6.2",
        "react-router": "5.2.0",
        "tiny-invariant": "^1.0.2",
        "tiny-warning": "^1.0.0"
      }
    },
    "react-scripts": {
      "version": "file:../node_modules/react-scripts",
      "requires": {
        "@babel/core": "7.9.0",
        "@svgr/webpack": "4.3.3",
        "@typescript-eslint/eslint-plugin": "^2.10.0",
        "@typescript-eslint/parser": "^2.10.0",
        "babel-eslint": "10.1.0",
        "babel-jest": "^24.9.0",
        "babel-loader": "8.1.0",
        "babel-plugin-named-asset-import": "^0.3.6",
        "babel-preset-react-app": "^9.1.2",
        "camelcase": "^5.3.1",
        "case-sensitive-paths-webpack-plugin": "2.3.0",
        "css-loader": "3.4.2",
        "dotenv": "8.2.0",
        "dotenv-expand": "5.1.0",
        "eslint": "^6.6.0",
        "eslint-config-react-app": "^5.2.1",
        "eslint-loader": "3.0.3",
        "eslint-plugin-flowtype": "4.6.0",
        "eslint-plugin-import": "2.20.1",
        "eslint-plugin-jsx-a11y": "6.2.3",
        "eslint-plugin-react": "7.19.0",
        "eslint-plugin-react-hooks": "^1.6.1",
        "file-loader": "4.3.0",
        "fs-extra": "^8.1.0",
        "fsevents": "2.1.2",
        "html-webpack-plugin": "4.0.0-beta.11",
        "identity-obj-proxy": "3.0.0",
        "jest": "24.9.0",
        "jest-environment-jsdom-fourteen": "1.0.1",
        "jest-resolve": "24.9.0",
        "jest-watch-typeahead": "0.4.2",
        "mini-css-extract-plugin": "0.9.0",
        "optimize-css-assets-webpack-plugin": "5.0.3",
        "pnp-webpack-plugin": "1.6.4",
        "postcss-flexbugs-fixes": "4.1.0",
        "postcss-loader": "3.0.0",
        "postcss-normalize": "8.0.1",
        "postcss-preset-env": "6.7.0",
        "postcss-safe-parser": "4.0.1",
        "react": "^16.12.0",
        "react-app-polyfill": "^1.0.6",
        "react-dev-utils": "^10.2.1",
        "react-dom": "^16.12.0",
        "resolve": "1.15.0",
        "resolve-url-loader": "3.1.1",
        "sass-loader": "8.0.2",
        "semver": "6.3.0",
        "style-loader": "0.23.1",
        "terser-webpack-plugin": "2.3.8",
        "ts-pnp": "1.1.6",
        "url-loader": "2.3.0",
        "webpack": "4.42.0",
        "webpack-dev-server": "3.11.0",
        "webpack-manifest-plugin": "2.2.0",
        "workbox-webpack-plugin": "4.3.1"
      },
      "dependencies": {
        "@babel/core": {
          "version": "7.9.0",
          "requires": {
            "@babel/code-frame": "^7.8.3",
            "@babel/generator": "^7.9.0",
            "@babel/helper-module-transforms": "^7.9.0",
            "@babel/helpers": "^7.9.0",
            "@babel/parser": "^7.9.0",
            "@babel/template": "^7.8.6",
            "@babel/traverse": "^7.9.0",
            "@babel/types": "^7.9.0",
            "convert-source-map": "^1.7.0",
            "debug": "^4.1.0",
            "gensync": "^1.0.0-beta.1",
            "json5": "^2.1.2",
            "lodash": "^4.17.13",
            "resolve": "^1.3.2",
            "semver": "^5.4.1",
            "source-map": "^0.5.0"
          },
          "dependencies": {
            "semver": {
              "version": "5.7.1"
            }
          }
        },
        "doctrine": {
          "version": "1.5.0",
          "requires": {
            "esutils": "^2.0.2",
            "isarray": "^1.0.0"
          }
        },
        "eslint-plugin-import": {
          "version": "2.20.1",
          "requires": {
            "array-includes": "^3.0.3",
            "array.prototype.flat": "^1.2.1",
            "contains-path": "^0.1.0",
            "debug": "^2.6.9",
            "doctrine": "1.5.0",
            "eslint-import-resolver-node": "^0.3.2",
            "eslint-module-utils": "^2.4.1",
            "has": "^1.0.3",
            "minimatch": "^3.0.4",
            "object.values": "^1.1.0",
            "read-pkg-up": "^2.0.0",
            "resolve": "^1.12.0"
          },
          "dependencies": {
            "debug": {
              "version": "2.6.9",
              "requires": {
                "ms": "2.0.0"
              }
            }
          }
        },
        "eslint-plugin-react": {
          "version": "7.19.0",
          "requires": {
            "array-includes": "^3.1.1",
            "doctrine": "^2.1.0",
            "has": "^1.0.3",
            "jsx-ast-utils": "^2.2.3",
            "object.entries": "^1.1.1",
            "object.fromentries": "^2.0.2",
            "object.values": "^1.1.1",
            "prop-types": "^15.7.2",
            "resolve": "^1.15.1",
            "semver": "^6.3.0",
            "string.prototype.matchall": "^4.0.2",
            "xregexp": "^4.3.0"
          },
          "dependencies": {
            "doctrine": {
              "version": "2.1.0",
              "requires": {
                "esutils": "^2.0.2"
              }
            },
            "resolve": {
              "version": "1.17.0",
              "requires": {
                "path-parse": "^1.0.6"
              }
            }
          }
        },
        "json5": {
          "version": "2.1.3",
          "requires": {
            "minimist": "^1.2.5"
          }
        },
        "ms": {
          "version": "2.0.0"
        },
        "resolve": {
          "version": "1.15.0",
          "requires": {
            "path-parse": "^1.0.6"
          }
        },
        "semver": {
          "version": "6.3.0"
        },
        "source-map": {
          "version": "0.5.7"
        }
      }
    },
    "regenerator-runtime": {
      "version": "0.13.7"
    },
    "resolve-pathname": {
      "version": "3.0.0"
    },
    "tiny-invariant": {
      "version": "1.1.0"
    },
    "tiny-warning": {
      "version": "1.0.3"
    },
    "value-equal": {
      "version": "1.0.1"
    }
  }
}
